{
  "pins" : [
    {
      "identity" : "viewmaker",
      "kind" : "remoteSourceControl",
      "location" : "https://github.com/kiarashvosough1999/ViewMaker",
      "state" : {
        "branch" : "add-pre-check-for-keys",
        "revision" : "2fa09761a4aa06525d8b87bf4baef9ffbda6d6c8"
      }
    }
  ],
  "version" : 2
}
